// !$*UTF8*$!
{
	archiveVersion = 1;
	classes = {
	};
	objectVersion = 46;
	objects = {

/* Begin PBXBuildFile section */
		D1289319160B687A00E646FB /* UIKit.framework in Frameworks */ = {isa = PBXBuildFile; fileRef = D1289318160B687A00E646FB /* UIKit.framework */; };
		D128931B160B687A00E646FB /* Foundation.framework in Frameworks */ = {isa = PBXBuildFile; fileRef = D128931A160B687A00E646FB /* Foundation.framework */; };
		D128931D160B687A00E646FB /* CoreGraphics.framework in Frameworks */ = {isa = PBXBuildFile; fileRef = D128931C160B687A00E646FB /* CoreGraphics.framework */; };
		D1289323160B687A00E646FB /* InfoPlist.strings in Resources */ = {isa = PBXBuildFile; fileRef = D1289321160B687A00E646FB /* InfoPlist.strings */; };
		D1289325160B687A00E646FB /* main.m in Sources */ = {isa = PBXBuildFile; fileRef = D1289324160B687A00E646FB /* main.m */; };
		D1289329160B687A00E646FB /* AppDelegate.m in Sources */ = {isa = PBXBuildFile; fileRef = D1289328160B687A00E646FB /* AppDelegate.m */; };
		D128932B160B687A00E646FB /* Default.png in Resources */ = {isa = PBXBuildFile; fileRef = D128932A160B687A00E646FB /* Default.png */; };
		D128932D160B687A00E646FB /* Default@2x.png in Resources */ = {isa = PBXBuildFile; fileRef = D128932C160B687A00E646FB /* Default@2x.png */; };
		D128932F160B687A00E646FB /* Default-568h@2x.png in Resources */ = {isa = PBXBuildFile; fileRef = D128932E160B687A00E646FB /* Default-568h@2x.png */; };
		D1289332160B687A00E646FB /* MainStoryboard_iPhone.storyboard in Resources */ = {isa = PBXBuildFile; fileRef = D1289330160B687A00E646FB /* MainStoryboard_iPhone.storyboard */; };
		D1289335160B687A00E646FB /* MainStoryboard_iPad.storyboard in Resources */ = {isa = PBXBuildFile; fileRef = D1289333160B687A00E646FB /* MainStoryboard_iPad.storyboard */; };
		D1289338160B687A00E646FB /* LoginViewController.m in Sources */ = {isa = PBXBuildFile; fileRef = D1289337160B687A00E646FB /* LoginViewController.m */; };
		D128933F160B694200E646FB /* Security.framework in Frameworks */ = {isa = PBXBuildFile; fileRef = D128933E160B694200E646FB /* Security.framework */; };
		D1289342160B69B600E646FB /* KeychainItemWrapper.m in Sources */ = {isa = PBXBuildFile; fileRef = D1289341160B69B600E646FB /* KeychainItemWrapper.m */; };
		D1C2AF93160B7A5D005E719C /* libXMLRPC.a in Frameworks */ = {isa = PBXBuildFile; fileRef = D1C2AF92160B7A5D005E719C /* libXMLRPC.a */; };
		D1C2AFA8160B7F5C005E719C /* NSData+Base64.m in Sources */ = {isa = PBXBuildFile; fileRef = D1C2AFA5160B7F5C005E719C /* NSData+Base64.m */; };
		D1C2AFA9160B7F5C005E719C /* NSStringAdditions.m in Sources */ = {isa = PBXBuildFile; fileRef = D1C2AFA7160B7F5C005E719C /* NSStringAdditions.m */; };
/* End PBXBuildFile section */

/* Begin PBXFileReference section */
		D1289314160B687A00E646FB /* CokeRewards.app */ = {isa = PBXFileReference; explicitFileType = wrapper.application; includeInIndex = 0; path = CokeRewards.app; sourceTree = BUILT_PRODUCTS_DIR; };
		D1289318160B687A00E646FB /* UIKit.framework */ = {isa = PBXFileReference; lastKnownFileType = wrapper.framework; name = UIKit.framework; path = System/Library/Frameworks/UIKit.framework; sourceTree = SDKROOT; };
		D128931A160B687A00E646FB /* Foundation.framework */ = {isa = PBXFileReference; lastKnownFileType = wrapper.framework; name = Foundation.framework; path = System/Library/Frameworks/Foundation.framework; sourceTree = SDKROOT; };
		D128931C160B687A00E646FB /* CoreGraphics.framework */ = {isa = PBXFileReference; lastKnownFileType = wrapper.framework; name = CoreGraphics.framework; path = System/Library/Frameworks/CoreGraphics.framework; sourceTree = SDKROOT; };
		D1289320160B687A00E646FB /* CokeRewards-Info.plist */ = {isa = PBXFileReference; lastKnownFileType = text.plist.xml; path = "CokeRewards-Info.plist"; sourceTree = "<group>"; };
		D1289322160B687A00E646FB /* en */ = {isa = PBXFileReference; lastKnownFileType = text.plist.strings; name = en; path = en.lproj/InfoPlist.strings; sourceTree = "<group>"; };
		D1289324160B687A00E646FB /* main.m */ = {isa = PBXFileReference; lastKnownFileType = sourcecode.c.objc; path = main.m; sourceTree = "<group>"; };
		D1289326160B687A00E646FB /* CokeRewards-Prefix.pch */ = {isa = PBXFileReference; lastKnownFileType = sourcecode.c.h; path = "CokeRewards-Prefix.pch"; sourceTree = "<group>"; };
		D1289327160B687A00E646FB /* AppDelegate.h */ = {isa = PBXFileReference; lastKnownFileType = sourcecode.c.h; path = AppDelegate.h; sourceTree = "<group>"; };
		D1289328160B687A00E646FB /* AppDelegate.m */ = {isa = PBXFileReference; lastKnownFileType = sourcecode.c.objc; path = AppDelegate.m; sourceTree = "<group>"; };
		D128932A160B687A00E646FB /* Default.png */ = {isa = PBXFileReference; lastKnownFileType = image.png; path = Default.png; sourceTree = "<group>"; };
		D128932C160B687A00E646FB /* Default@2x.png */ = {isa = PBXFileReference; lastKnownFileType = image.png; path = "Default@2x.png"; sourceTree = "<group>"; };
		D128932E160B687A00E646FB /* Default-568h@2x.png */ = {isa = PBXFileReference; lastKnownFileType = image.png; path = "Default-568h@2x.png"; sourceTree = "<group>"; };
		D1289331160B687A00E646FB /* en */ = {isa = PBXFileReference; lastKnownFileType = file.storyboard; name = en; path = en.lproj/MainStoryboard_iPhone.storyboard; sourceTree = "<group>"; };
		D1289334160B687A00E646FB /* en */ = {isa = PBXFileReference; lastKnownFileType = file.storyboard; name = en; path = en.lproj/MainStoryboard_iPad.storyboard; sourceTree = "<group>"; };
		D1289336160B687A00E646FB /* LoginViewController.h */ = {isa = PBXFileReference; lastKnownFileType = sourcecode.c.h; path = LoginViewController.h; sourceTree = "<group>"; };
		D1289337160B687A00E646FB /* LoginViewController.m */ = {isa = PBXFileReference; lastKnownFileType = sourcecode.c.objc; path = LoginViewController.m; sourceTree = "<group>"; };
		D128933E160B694200E646FB /* Security.framework */ = {isa = PBXFileReference; lastKnownFileType = wrapper.framework; name = Security.framework; path = System/Library/Frameworks/Security.framework; sourceTree = SDKROOT; };
		D1289340160B69B600E646FB /* KeychainItemWrapper.h */ = {isa = PBXFileReference; fileEncoding = 4; lastKnownFileType = sourcecode.c.h; path = KeychainItemWrapper.h; sourceTree = "<group>"; };
		D1289341160B69B600E646FB /* KeychainItemWrapper.m */ = {isa = PBXFileReference; fileEncoding = 4; lastKnownFileType = sourcecode.c.objc; path = KeychainItemWrapper.m; sourceTree = "<group>"; };
		D1C2AF92160B7A5D005E719C /* libXMLRPC.a */ = {isa = PBXFileReference; lastKnownFileType = archive.ar; path = libXMLRPC.a; sourceTree = "<group>"; };
		D1C2AF95160B7A70005E719C /* NSData+Base64.h */ = {isa = PBXFileReference; fileEncoding = 4; lastKnownFileType = sourcecode.c.h; path = "NSData+Base64.h"; sourceTree = "<group>"; };
		D1C2AF96160B7A70005E719C /* NSStringAdditions.h */ = {isa = PBXFileReference; fileEncoding = 4; lastKnownFileType = sourcecode.c.h; path = NSStringAdditions.h; sourceTree = "<group>"; };
		D1C2AF97160B7A70005E719C /* XMLRPC.h */ = {isa = PBXFileReference; fileEncoding = 4; lastKnownFileType = sourcecode.c.h; path = XMLRPC.h; sourceTree = "<group>"; };
		D1C2AF98160B7A70005E719C /* XMLRPC.pch */ = {isa = PBXFileReference; fileEncoding = 4; lastKnownFileType = sourcecode.c.h; path = XMLRPC.pch; sourceTree = "<group>"; };
		D1C2AF99160B7A70005E719C /* XMLRPCConnection.h */ = {isa = PBXFileReference; fileEncoding = 4; lastKnownFileType = sourcecode.c.h; path = XMLRPCConnection.h; sourceTree = "<group>"; };
		D1C2AF9A160B7A70005E719C /* XMLRPCConnectionDelegate.h */ = {isa = PBXFileReference; fileEncoding = 4; lastKnownFileType = sourcecode.c.h; path = XMLRPCConnectionDelegate.h; sourceTree = "<group>"; };
		D1C2AF9B160B7A70005E719C /* XMLRPCConnectionManager.h */ = {isa = PBXFileReference; fileEncoding = 4; lastKnownFileType = sourcecode.c.h; path = XMLRPCConnectionManager.h; sourceTree = "<group>"; };
		D1C2AF9C160B7A70005E719C /* XMLRPCDefaultEncoder.h */ = {isa = PBXFileReference; fileEncoding = 4; lastKnownFileType = sourcecode.c.h; path = XMLRPCDefaultEncoder.h; sourceTree = "<group>"; };
		D1C2AF9D160B7A70005E719C /* XMLRPCEncoder.h */ = {isa = PBXFileReference; fileEncoding = 4; lastKnownFileType = sourcecode.c.h; path = XMLRPCEncoder.h; sourceTree = "<group>"; };
		D1C2AF9E160B7A70005E719C /* XMLRPCEventBasedParser.h */ = {isa = PBXFileReference; fileEncoding = 4; lastKnownFileType = sourcecode.c.h; path = XMLRPCEventBasedParser.h; sourceTree = "<group>"; };
		D1C2AF9F160B7A70005E719C /* XMLRPCEventBasedParserDelegate.h */ = {isa = PBXFileReference; fileEncoding = 4; lastKnownFileType = sourcecode.c.h; path = XMLRPCEventBasedParserDelegate.h; sourceTree = "<group>"; };
		D1C2AFA0160B7A70005E719C /* XMLRPCRequest.h */ = {isa = PBXFileReference; fileEncoding = 4; lastKnownFileType = sourcecode.c.h; path = XMLRPCRequest.h; sourceTree = "<group>"; };
		D1C2AFA1160B7A70005E719C /* XMLRPCResponse.h */ = {isa = PBXFileReference; fileEncoding = 4; lastKnownFileType = sourcecode.c.h; path = XMLRPCResponse.h; sourceTree = "<group>"; };
		D1C2AFA4160B7F5C005E719C /* NSData+Base64.h */ = {isa = PBXFileReference; fileEncoding = 4; lastKnownFileType = sourcecode.c.h; path = "NSData+Base64.h"; sourceTree = "<group>"; };
		D1C2AFA5160B7F5C005E719C /* NSData+Base64.m */ = {isa = PBXFileReference; fileEncoding = 4; lastKnownFileType = sourcecode.c.objc; path = "NSData+Base64.m"; sourceTree = "<group>"; };
		D1C2AFA6160B7F5C005E719C /* NSStringAdditions.h */ = {isa = PBXFileReference; fileEncoding = 4; lastKnownFileType = sourcecode.c.h; path = NSStringAdditions.h; sourceTree = "<group>"; };
		D1C2AFA7160B7F5C005E719C /* NSStringAdditions.m */ = {isa = PBXFileReference; fileEncoding = 4; lastKnownFileType = sourcecode.c.objc; path = NSStringAdditions.m; sourceTree = "<group>"; };
/* End PBXFileReference section */

/* Begin PBXFrameworksBuildPhase section */
		D1289311160B687A00E646FB /* Frameworks */ = {
			isa = PBXFrameworksBuildPhase;
			buildActionMask = 2147483647;
			files = (
				D128933F160B694200E646FB /* Security.framework in Frameworks */,
				D1289319160B687A00E646FB /* UIKit.framework in Frameworks */,
				D128931B160B687A00E646FB /* Foundation.framework in Frameworks */,
				D128931D160B687A00E646FB /* CoreGraphics.framework in Frameworks */,
				D1C2AF93160B7A5D005E719C /* libXMLRPC.a in Frameworks */,
			);
			runOnlyForDeploymentPostprocessing = 0;
		};
/* End PBXFrameworksBuildPhase section */

/* Begin PBXGroup section */
		D1289309160B687A00E646FB = {
			isa = PBXGroup;
			children = (
				D1C2AFA3160B7F50005E719C /* Additions */,
				D128931E160B687A00E646FB /* CokeRewards */,
				D1289317160B687A00E646FB /* Frameworks */,
				D1289315160B687A00E646FB /* Products */,
			);
			sourceTree = "<group>";
		};
		D1289315160B687A00E646FB /* Products */ = {
			isa = PBXGroup;
			children = (
				D1289314160B687A00E646FB /* CokeRewards.app */,
			);
			name = Products;
			sourceTree = "<group>";
		};
		D1289317160B687A00E646FB /* Frameworks */ = {
			isa = PBXGroup;
			children = (
				D1C2AF94160B7A70005E719C /* headers */,
				D1C2AF92160B7A5D005E719C /* libXMLRPC.a */,
				D128933E160B694200E646FB /* Security.framework */,
				D1289318160B687A00E646FB /* UIKit.framework */,
				D128931A160B687A00E646FB /* Foundation.framework */,
				D128931C160B687A00E646FB /* CoreGraphics.framework */,
			);
			name = Frameworks;
			sourceTree = "<group>";
		};
		D128931E160B687A00E646FB /* CokeRewards */ = {
			isa = PBXGroup;
			children = (
				D1289327160B687A00E646FB /* AppDelegate.h */,
				D1289328160B687A00E646FB /* AppDelegate.m */,
				D1289340160B69B600E646FB /* KeychainItemWrapper.h */,
				D1289341160B69B600E646FB /* KeychainItemWrapper.m */,
				D1289330160B687A00E646FB /* MainStoryboard_iPhone.storyboard */,
				D1289333160B687A00E646FB /* MainStoryboard_iPad.storyboard */,
				D1289336160B687A00E646FB /* LoginViewController.h */,
				D1289337160B687A00E646FB /* LoginViewController.m */,
				D128931F160B687A00E646FB /* Supporting Files */,
			);
			path = CokeRewards;
			sourceTree = "<group>";
		};
		D128931F160B687A00E646FB /* Supporting Files */ = {
			isa = PBXGroup;
			children = (
				D1289320160B687A00E646FB /* CokeRewards-Info.plist */,
				D1289321160B687A00E646FB /* InfoPlist.strings */,
				D1289324160B687A00E646FB /* main.m */,
				D1289326160B687A00E646FB /* CokeRewards-Prefix.pch */,
				D128932A160B687A00E646FB /* Default.png */,
				D128932C160B687A00E646FB /* Default@2x.png */,
				D128932E160B687A00E646FB /* Default-568h@2x.png */,
			);
			name = "Supporting Files";
			sourceTree = "<group>";
		};
		D1C2AF94160B7A70005E719C /* headers */ = {
			isa = PBXGroup;
			children = (
				D1C2AF95160B7A70005E719C /* NSData+Base64.h */,
				D1C2AF96160B7A70005E719C /* NSStringAdditions.h */,
				D1C2AF97160B7A70005E719C /* XMLRPC.h */,
				D1C2AF98160B7A70005E719C /* XMLRPC.pch */,
				D1C2AF99160B7A70005E719C /* XMLRPCConnection.h */,
				D1C2AF9A160B7A70005E719C /* XMLRPCConnectionDelegate.h */,
				D1C2AF9B160B7A70005E719C /* XMLRPCConnectionManager.h */,
				D1C2AF9C160B7A70005E719C /* XMLRPCDefaultEncoder.h */,
				D1C2AF9D160B7A70005E719C /* XMLRPCEncoder.h */,
				D1C2AF9E160B7A70005E719C /* XMLRPCEventBasedParser.h */,
				D1C2AF9F160B7A70005E719C /* XMLRPCEventBasedParserDelegate.h */,
				D1C2AFA0160B7A70005E719C /* XMLRPCRequest.h */,
				D1C2AFA1160B7A70005E719C /* XMLRPCResponse.h */,
			);
			path = headers;
			sourceTree = "<group>";
		};
		D1C2AFA3160B7F50005E719C /* Additions */ = {
			isa = PBXGroup;
			children = (
				D1C2AFA4160B7F5C005E719C /* NSData+Base64.h */,
				D1C2AFA5160B7F5C005E719C /* NSData+Base64.m */,
				D1C2AFA6160B7F5C005E719C /* NSStringAdditions.h */,
				D1C2AFA7160B7F5C005E719C /* NSStringAdditions.m */,
			);
			name = Additions;
			sourceTree = "<group>";
		};
/* End PBXGroup section */

/* Begin PBXNativeTarget section */
		D1289313160B687A00E646FB /* CokeRewards */ = {
			isa = PBXNativeTarget;
			buildConfigurationList = D128933B160B687A00E646FB /* Build configuration list for PBXNativeTarget "CokeRewards" */;
			buildPhases = (
				D1289310160B687A00E646FB /* Sources */,
				D1289311160B687A00E646FB /* Frameworks */,
				D1289312160B687A00E646FB /* Resources */,
			);
			buildRules = (
			);
			dependencies = (
			);
			name = CokeRewards;
			productName = CokeRewards;
			productReference = D1289314160B687A00E646FB /* CokeRewards.app */;
			productType = "com.apple.product-type.application";
		};
/* End PBXNativeTarget section */

/* Begin PBXProject section */
		D128930B160B687A00E646FB /* Project object */ = {
			isa = PBXProject;
			attributes = {
				LastUpgradeCheck = 0450;
				ORGANIZATIONNAME = "Brian Reber";
			};
			buildConfigurationList = D128930E160B687A00E646FB /* Build configuration list for PBXProject "CokeRewards" */;
			compatibilityVersion = "Xcode 3.2";
			developmentRegion = English;
			hasScannedForEncodings = 0;
			knownRegions = (
				en,
			);
			mainGroup = D1289309160B687A00E646FB;
			productRefGroup = D1289315160B687A00E646FB /* Products */;
			projectDirPath = "";
			projectRoot = "";
			targets = (
				D1289313160B687A00E646FB /* CokeRewards */,
			);
		};
/* End PBXProject section */

/* Begin PBXResourcesBuildPhase section */
		D1289312160B687A00E646FB /* Resources */ = {
			isa = PBXResourcesBuildPhase;
			buildActionMask = 2147483647;
			files = (
				D1289323160B687A00E646FB /* InfoPlist.strings in Resources */,
				D128932B160B687A00E646FB /* Default.png in Resources */,
				D128932D160B687A00E646FB /* Default@2x.png in Resources */,
				D128932F160B687A00E646FB /* Default-568h@2x.png in Resources */,
				D1289332160B687A00E646FB /* MainStoryboard_iPhone.storyboard in Resources */,
				D1289335160B687A00E646FB /* MainStoryboard_iPad.storyboard in Resources */,
			);
			runOnlyForDeploymentPostprocessing = 0;
		};
/* End PBXResourcesBuildPhase section */

/* Begin PBXSourcesBuildPhase section */
		D1289310160B687A00E646FB /* Sources */ = {
			isa = PBXSourcesBuildPhase;
			buildActionMask = 2147483647;
			files = (
				D1289325160B687A00E646FB /* main.m in Sources */,
				D1289329160B687A00E646FB /* AppDelegate.m in Sources */,
				D1289338160B687A00E646FB /* LoginViewController.m in Sources */,
				D1289342160B69B600E646FB /* KeychainItemWrapper.m in Sources */,
				D1C2AFA8160B7F5C005E719C /* NSData+Base64.m in Sources */,
				D1C2AFA9160B7F5C005E719C /* NSStringAdditions.m in Sources */,
			);
			runOnlyForDeploymentPostprocessing = 0;
		};
/* End PBXSourcesBuildPhase section */

/* Begin PBXVariantGroup section */
		D1289321160B687A00E646FB /* InfoPlist.strings */ = {
			isa = PBXVariantGroup;
			children = (
				D1289322160B687A00E646FB /* en */,
			);
			name = InfoPlist.strings;
			sourceTree = "<group>";
		};
		D1289330160B687A00E646FB /* MainStoryboard_iPhone.storyboard */ = {
			isa = PBXVariantGroup;
			children = (
				D1289331160B687A00E646FB /* en */,
			);
			name = MainStoryboard_iPhone.storyboard;
			sourceTree = "<group>";
		};
		D1289333160B687A00E646FB /* MainStoryboard_iPad.storyboard */ = {
			isa = PBXVariantGroup;
			children = (
				D1289334160B687A00E646FB /* en */,
			);
			name = MainStoryboard_iPad.storyboard;
			sourceTree = "<group>";
		};
/* End PBXVariantGroup section */

/* Begin XCBuildConfiguration section */
		D1289339160B687A00E646FB /* Debug */ = {
			isa = XCBuildConfiguration;
			buildSettings = {
				ALWAYS_SEARCH_USER_PATHS = NO;
				CLANG_CXX_LANGUAGE_STANDARD = "gnu++0x";
				CLANG_CXX_LIBRARY = "libc++";
				CLANG_ENABLE_OBJC_ARC = YES;
				CLANG_WARN_EMPTY_BODY = YES;
				CLANG_WARN__DUPLICATE_METHOD_MATCH = YES;
				"CODE_SIGN_IDENTITY[sdk=iphoneos*]" = "iPhone Developer";
				COPY_PHASE_STRIP = NO;
				GCC_C_LANGUAGE_STANDARD = gnu99;
				GCC_DYNAMIC_NO_PIC = NO;
				GCC_OPTIMIZATION_LEVEL = 0;
				GCC_PREPROCESSOR_DEFINITIONS = (
					"DEBUG=1",
					"$(inherited)",
				);
				GCC_SYMBOLS_PRIVATE_EXTERN = NO;
				GCC_WARN_ABOUT_RETURN_TYPE = YES;
				GCC_WARN_UNINITIALIZED_AUTOS = YES;
				GCC_WARN_UNUSED_VARIABLE = YES;
				IPHONEOS_DEPLOYMENT_TARGET = 6.0;
				SDKROOT = iphoneos;
				TARGETED_DEVICE_FAMILY = "1,2";
			};
			name = Debug;
		};
		D128933A160B687A00E646FB /* Release */ = {
			isa = XCBuildConfiguration;
			buildSettings = {
				ALWAYS_SEARCH_USER_PATHS = NO;
				CLANG_CXX_LANGUAGE_STANDARD = "gnu++0x";
				CLANG_CXX_LIBRARY = "libc++";
				CLANG_ENABLE_OBJC_ARC = YES;
				CLANG_WARN_EMPTY_BODY = YES;
				CLANG_WARN__DUPLICATE_METHOD_MATCH = YES;
				"CODE_SIGN_IDENTITY[sdk=iphoneos*]" = "iPhone Developer";
				COPY_PHASE_STRIP = YES;
				GCC_C_LANGUAGE_STANDARD = gnu99;
				GCC_WARN_ABOUT_RETURN_TYPE = YES;
				GCC_WARN_UNINITIALIZED_AUTOS = YES;
				GCC_WARN_UNUSED_VARIABLE = YES;
				IPHONEOS_DEPLOYMENT_TARGET = 6.0;
				OTHER_CFLAGS = "-DNS_BLOCK_ASSERTIONS=1";
				SDKROOT = iphoneos;
				TARGETED_DEVICE_FAMILY = "1,2";
				VALIDATE_PRODUCT = YES;
			};
			name = Release;
		};
		D128933C160B687A00E646FB /* Debug */ = {
			isa = XCBuildConfiguration;
			buildSettings = {
				FRAMEWORK_SEARCH_PATHS = (
					"$(inherited)",
					"\"$(SRCROOT)\"",
				);
				GCC_PRECOMPILE_PREFIX_HEADER = YES;
				GCC_PREFIX_HEADER = "CokeRewards/CokeRewards-Prefix.pch";
				INFOPLIST_FILE = "CokeRewards/CokeRewards-Info.plist";
				LIBRARY_SEARCH_PATHS = (
					"$(inherited)",
					"\"$(SRCROOT)\"",
				);
				PRODUCT_NAME = "$(TARGET_NAME)";
				WRAPPER_EXTENSION = app;
			};
			name = Debug;
		};
		D128933D160B687A00E646FB /* Release */ = {
			isa = XCBuildConfiguration;
			buildSettings = {
				FRAMEWORK_SEARCH_PATHS = (
					"$(inherited)",
					"\"$(SRCROOT)\"",
				);
				GCC_PRECOMPILE_PREFIX_HEADER = YES;
				GCC_PREFIX_HEADER = "CokeRewards/CokeRewards-Prefix.pch";
				INFOPLIST_FILE = "CokeRewards/CokeRewards-Info.plist";
				LIBRARY_SEARCH_PATHS = (
					"$(inherited)",
					"\"$(SRCROOT)\"",
				);
				PRODUCT_NAME = "$(TARGET_NAME)";
				WRAPPER_EXTENSION = app;
			};
			name = Release;
		};
/* End XCBuildConfiguration section */

/* Begin XCConfigurationList section */
		D128930E160B687A00E646FB /* Build configuration list for PBXProject "CokeRewards" */ = {
			isa = XCConfigurationList;
			buildConfigurations = (
				D1289339160B687A00E646FB /* Debug */,
				D128933A160B687A00E646FB /* Release */,
			);
			defaultConfigurationIsVisible = 0;
			defaultConfigurationName = Release;
		};
		D128933B160B687A00E646FB /* Build configuration list for PBXNativeTarget "CokeRewards" */ = {
			isa = XCConfigurationList;
			buildConfigurations = (
				D128933C160B687A00E646FB /* Debug */,
				D128933D160B687A00E646FB /* Release */,
			);
			defaultConfigurationIsVisible = 0;
			defaultConfigurationName = Release;
		};
/* End XCConfigurationList section */
	};
	rootObject = D128930B160B687A00E646FB /* Project object */;
}
